// !$*UTF8*$!
{
	archiveVersion = 1;
	classes = {
	};
	objectVersion = 56;
	objects = {

/* Begin PBXBuildFile section */
		2B5796022B6807240013568F /* AirPlainAppApp.swift in Sources */ = {isa = PBXBuildFile; fileRef = 2B5796012B6807240013568F /* AirPlainAppApp.swift */; };
		2B5796042B6807240013568F /* ContentView.swift in Sources */ = {isa = PBXBuildFile; fileRef = 2B5796032B6807240013568F /* ContentView.swift */; };
		2B5796062B6807250013568F /* Assets.xcassets in Resources */ = {isa = PBXBuildFile; fileRef = 2B5796052B6807250013568F /* Assets.xcassets */; };
		2B57960A2B6807250013568F /* Preview Assets.xcassets in Resources */ = {isa = PBXBuildFile; fileRef = 2B5796092B6807250013568F /* Preview Assets.xcassets */; };
		2B5796142B6807250013568F /* AirPlainAppTests.swift in Sources */ = {isa = PBXBuildFile; fileRef = 2B5796132B6807250013568F /* AirPlainAppTests.swift */; };
		2B57961E2B6807250013568F /* AirPlainAppUITests.swift in Sources */ = {isa = PBXBuildFile; fileRef = 2B57961D2B6807250013568F /* AirPlainAppUITests.swift */; };
		2B5796202B6807250013568F /* AirPlainAppUITestsLaunchTests.swift in Sources */ = {isa = PBXBuildFile; fileRef = 2B57961F2B6807250013568F /* AirPlainAppUITestsLaunchTests.swift */; };
		2B57962E2B6807460013568F /* Constants.swift in Sources */ = {isa = PBXBuildFile; fileRef = 2B57962D2B6807460013568F /* Constants.swift */; };
		2B5796312B6808A00013568F /* CurrentFlightData.swift in Sources */ = {isa = PBXBuildFile; fileRef = 2B5796302B6808A00013568F /* CurrentFlightData.swift */; };
		2B5796332B6808D00013568F /* AirportData.swift in Sources */ = {isa = PBXBuildFile; fileRef = 2B5796322B6808D00013568F /* AirportData.swift */; };
		2B5796362B680C450013568F /* FlightStateViewModel.swift in Sources */ = {isa = PBXBuildFile; fileRef = 2B5796352B680C450013568F /* FlightStateViewModel.swift */; };
		2B5796382B688F9F0013568F /* FlightStateModel.swift in Sources */ = {isa = PBXBuildFile; fileRef = 2B5796372B688F9F0013568F /* FlightStateModel.swift */; };
		2B57963B2B68E9F40013568F /* SelectingDestinationView.swift in Sources */ = {isa = PBXBuildFile; fileRef = 2B57963A2B68E9F40013568F /* SelectingDestinationView.swift */; };
		2B57963F2B68F1CC0013568F /* SelectingDateView.swift in Sources */ = {isa = PBXBuildFile; fileRef = 2B57963E2B68F1CC0013568F /* SelectingDateView.swift */; };
		2B5796412B68F30A0013568F /* SelectingMethodView.swift in Sources */ = {isa = PBXBuildFile; fileRef = 2B5796402B68F30A0013568F /* SelectingMethodView.swift */; };
		2B5796432B68F4320013568F /* FlightListView.swift in Sources */ = {isa = PBXBuildFile; fileRef = 2B5796422B68F4320013568F /* FlightListView.swift */; };
		2B5796452B6931320013568F /* FindingAirportView.swift in Sources */ = {isa = PBXBuildFile; fileRef = 2B5796442B6931320013568F /* FindingAirportView.swift */; };
		2B5796492B6BF34C0013568F /* FlightInfoView.swift in Sources */ = {isa = PBXBuildFile; fileRef = 2B5796482B6BF34C0013568F /* FlightInfoView.swift */; };
		2B57964B2B6CB6550013568F /* animation.json in Resources */ = {isa = PBXBuildFile; fileRef = 2B57964A2B6CB6550013568F /* animation.json */; };
		2B57964E2B6CB6B60013568F /* Lottie in Frameworks */ = {isa = PBXBuildFile; productRef = 2B57964D2B6CB6B60013568F /* Lottie */; };
		2B793A5D2BBEFCC600D2768D /* DateFormatter.swift in Sources */ = {isa = PBXBuildFile; fileRef = 2B793A5C2BBEFCC600D2768D /* DateFormatter.swift */; };
		2B793A5F2BBEFF6500D2768D /* FlightInfoModel.swift in Sources */ = {isa = PBXBuildFile; fileRef = 2B793A5E2BBEFF6500D2768D /* FlightInfoModel.swift */; };
		2B793A622BBF0CC400D2768D /* Alamofire in Frameworks */ = {isa = PBXBuildFile; productRef = 2B793A612BBF0CC400D2768D /* Alamofire */; };
		2B793A652BBF9A2200D2768D /* MainViewContainer.swift in Sources */ = {isa = PBXBuildFile; fileRef = 2B793A642BBF9A2200D2768D /* MainViewContainer.swift */; };
		2B793A672BBF9A4700D2768D /* MainSectionView.swift in Sources */ = {isa = PBXBuildFile; fileRef = 2B793A662BBF9A4700D2768D /* MainSectionView.swift */; };
		2B793A692BBF9D1600D2768D /* MainViewCenterView.swift in Sources */ = {isa = PBXBuildFile; fileRef = 2B793A682BBF9D1600D2768D /* MainViewCenterView.swift */; };
		2B793A6B2BBFA10400D2768D /* MainViewCenterCell.swift in Sources */ = {isa = PBXBuildFile; fileRef = 2B793A6A2BBFA10400D2768D /* MainViewCenterCell.swift */; };
		2B793A6D2BBFA76500D2768D /* MainHeaderView.swift in Sources */ = {isa = PBXBuildFile; fileRef = 2B793A6C2BBFA76500D2768D /* MainHeaderView.swift */; };
		2B793A6F2BBFA84200D2768D /* ReconmmendPostView.swift in Sources */ = {isa = PBXBuildFile; fileRef = 2B793A6E2BBFA84200D2768D /* ReconmmendPostView.swift */; };
		2B793A722BBFC68200D2768D /* FlightViewContainer.swift in Sources */ = {isa = PBXBuildFile; fileRef = 2B793A712BBFC68200D2768D /* FlightViewContainer.swift */; };
		2B793A742BBFC6FB00D2768D /* Navigation.swift in Sources */ = {isa = PBXBuildFile; fileRef = 2B793A732BBFC6FB00D2768D /* Navigation.swift */; };
/* End PBXBuildFile section */

/* Begin PBXContainerItemProxy section */
		2B5796102B6807250013568F /* PBXContainerItemProxy */ = {
			isa = PBXContainerItemProxy;
			containerPortal = 2B5795F62B6807240013568F /* Project object */;
			proxyType = 1;
			remoteGlobalIDString = 2B5795FD2B6807240013568F;
			remoteInfo = AirPlainApp;
		};
		2B57961A2B6807250013568F /* PBXContainerItemProxy */ = {
			isa = PBXContainerItemProxy;
			containerPortal = 2B5795F62B6807240013568F /* Project object */;
			proxyType = 1;
			remoteGlobalIDString = 2B5795FD2B6807240013568F;
			remoteInfo = AirPlainApp;
		};
/* End PBXContainerItemProxy section */

/* Begin PBXFileReference section */
		2B5795FE2B6807240013568F /* AirPlainApp.app */ = {isa = PBXFileReference; explicitFileType = wrapper.application; includeInIndex = 0; path = AirPlainApp.app; sourceTree = BUILT_PRODUCTS_DIR; };
		2B5796012B6807240013568F /* AirPlainAppApp.swift */ = {isa = PBXFileReference; lastKnownFileType = sourcecode.swift; path = AirPlainAppApp.swift; sourceTree = "<group>"; };
		2B5796032B6807240013568F /* ContentView.swift */ = {isa = PBXFileReference; lastKnownFileType = sourcecode.swift; path = ContentView.swift; sourceTree = "<group>"; };
		2B5796052B6807250013568F /* Assets.xcassets */ = {isa = PBXFileReference; lastKnownFileType = folder.assetcatalog; path = Assets.xcassets; sourceTree = "<group>"; };
		2B5796072B6807250013568F /* AirPlainApp.entitlements */ = {isa = PBXFileReference; lastKnownFileType = text.plist.entitlements; path = AirPlainApp.entitlements; sourceTree = "<group>"; };
		2B5796092B6807250013568F /* Preview Assets.xcassets */ = {isa = PBXFileReference; lastKnownFileType = folder.assetcatalog; path = "Preview Assets.xcassets"; sourceTree = "<group>"; };
		2B57960F2B6807250013568F /* AirPlainAppTests.xctest */ = {isa = PBXFileReference; explicitFileType = wrapper.cfbundle; includeInIndex = 0; path = AirPlainAppTests.xctest; sourceTree = BUILT_PRODUCTS_DIR; };
		2B5796132B6807250013568F /* AirPlainAppTests.swift */ = {isa = PBXFileReference; lastKnownFileType = sourcecode.swift; path = AirPlainAppTests.swift; sourceTree = "<group>"; };
		2B5796192B6807250013568F /* AirPlainAppUITests.xctest */ = {isa = PBXFileReference; explicitFileType = wrapper.cfbundle; includeInIndex = 0; path = AirPlainAppUITests.xctest; sourceTree = BUILT_PRODUCTS_DIR; };
		2B57961D2B6807250013568F /* AirPlainAppUITests.swift */ = {isa = PBXFileReference; lastKnownFileType = sourcecode.swift; path = AirPlainAppUITests.swift; sourceTree = "<group>"; };
		2B57961F2B6807250013568F /* AirPlainAppUITestsLaunchTests.swift */ = {isa = PBXFileReference; lastKnownFileType = sourcecode.swift; path = AirPlainAppUITestsLaunchTests.swift; sourceTree = "<group>"; };
		2B57962D2B6807460013568F /* Constants.swift */ = {isa = PBXFileReference; lastKnownFileType = sourcecode.swift; path = Constants.swift; sourceTree = "<group>"; };
		2B5796302B6808A00013568F /* CurrentFlightData.swift */ = {isa = PBXFileReference; lastKnownFileType = sourcecode.swift; path = CurrentFlightData.swift; sourceTree = "<group>"; };
		2B5796322B6808D00013568F /* AirportData.swift */ = {isa = PBXFileReference; lastKnownFileType = sourcecode.swift; path = AirportData.swift; sourceTree = "<group>"; };
		2B5796352B680C450013568F /* FlightStateViewModel.swift */ = {isa = PBXFileReference; lastKnownFileType = sourcecode.swift; path = FlightStateViewModel.swift; sourceTree = "<group>"; };
		2B5796372B688F9F0013568F /* FlightStateModel.swift */ = {isa = PBXFileReference; lastKnownFileType = sourcecode.swift; path = FlightStateModel.swift; sourceTree = "<group>"; };
		2B5796392B68919D0013568F /* Info.plist */ = {isa = PBXFileReference; lastKnownFileType = text.plist; path = Info.plist; sourceTree = "<group>"; };
		2B57963A2B68E9F40013568F /* SelectingDestinationView.swift */ = {isa = PBXFileReference; lastKnownFileType = sourcecode.swift; path = SelectingDestinationView.swift; sourceTree = "<group>"; };
		2B57963E2B68F1CC0013568F /* SelectingDateView.swift */ = {isa = PBXFileReference; lastKnownFileType = sourcecode.swift; path = SelectingDateView.swift; sourceTree = "<group>"; };
		2B5796402B68F30A0013568F /* SelectingMethodView.swift */ = {isa = PBXFileReference; lastKnownFileType = sourcecode.swift; path = SelectingMethodView.swift; sourceTree = "<group>"; };
		2B5796422B68F4320013568F /* FlightListView.swift */ = {isa = PBXFileReference; lastKnownFileType = sourcecode.swift; path = FlightListView.swift; sourceTree = "<group>"; };
		2B5796442B6931320013568F /* FindingAirportView.swift */ = {isa = PBXFileReference; lastKnownFileType = sourcecode.swift; path = FindingAirportView.swift; sourceTree = "<group>"; };
		2B5796482B6BF34C0013568F /* FlightInfoView.swift */ = {isa = PBXFileReference; lastKnownFileType = sourcecode.swift; path = FlightInfoView.swift; sourceTree = "<group>"; };
		2B57964A2B6CB6550013568F /* animation.json */ = {isa = PBXFileReference; fileEncoding = 4; lastKnownFileType = text.json; path = animation.json; sourceTree = "<group>"; };
		2B793A5C2BBEFCC600D2768D /* DateFormatter.swift */ = {isa = PBXFileReference; lastKnownFileType = sourcecode.swift; path = DateFormatter.swift; sourceTree = "<group>"; };
		2B793A5E2BBEFF6500D2768D /* FlightInfoModel.swift */ = {isa = PBXFileReference; lastKnownFileType = sourcecode.swift; path = FlightInfoModel.swift; sourceTree = "<group>"; };
		2B793A642BBF9A2200D2768D /* MainViewContainer.swift */ = {isa = PBXFileReference; lastKnownFileType = sourcecode.swift; path = MainViewContainer.swift; sourceTree = "<group>"; };
		2B793A662BBF9A4700D2768D /* MainSectionView.swift */ = {isa = PBXFileReference; lastKnownFileType = sourcecode.swift; path = MainSectionView.swift; sourceTree = "<group>"; };
		2B793A682BBF9D1600D2768D /* MainViewCenterView.swift */ = {isa = PBXFileReference; lastKnownFileType = sourcecode.swift; path = MainViewCenterView.swift; sourceTree = "<group>"; };
		2B793A6A2BBFA10400D2768D /* MainViewCenterCell.swift */ = {isa = PBXFileReference; lastKnownFileType = sourcecode.swift; path = MainViewCenterCell.swift; sourceTree = "<group>"; };
		2B793A6C2BBFA76500D2768D /* MainHeaderView.swift */ = {isa = PBXFileReference; lastKnownFileType = sourcecode.swift; path = MainHeaderView.swift; sourceTree = "<group>"; };
		2B793A6E2BBFA84200D2768D /* ReconmmendPostView.swift */ = {isa = PBXFileReference; lastKnownFileType = sourcecode.swift; path = ReconmmendPostView.swift; sourceTree = "<group>"; };
		2B793A712BBFC68200D2768D /* FlightViewContainer.swift */ = {isa = PBXFileReference; lastKnownFileType = sourcecode.swift; path = FlightViewContainer.swift; sourceTree = "<group>"; };
		2B793A732BBFC6FB00D2768D /* Navigation.swift */ = {isa = PBXFileReference; lastKnownFileType = sourcecode.swift; path = Navigation.swift; sourceTree = "<group>"; };
/* End PBXFileReference section */

/* Begin PBXFrameworksBuildPhase section */
		2B5795FB2B6807240013568F /* Frameworks */ = {
			isa = PBXFrameworksBuildPhase;
			buildActionMask = 2147483647;
			files = (
				2B57964E2B6CB6B60013568F /* Lottie in Frameworks */,
				2B793A622BBF0CC400D2768D /* Alamofire in Frameworks */,
			);
			runOnlyForDeploymentPostprocessing = 0;
		};
		2B57960C2B6807250013568F /* Frameworks */ = {
			isa = PBXFrameworksBuildPhase;
			buildActionMask = 2147483647;
			files = (
			);
			runOnlyForDeploymentPostprocessing = 0;
		};
		2B5796162B6807250013568F /* Frameworks */ = {
			isa = PBXFrameworksBuildPhase;
			buildActionMask = 2147483647;
			files = (
			);
			runOnlyForDeploymentPostprocessing = 0;
		};
/* End PBXFrameworksBuildPhase section */

/* Begin PBXGroup section */
		2B5795F52B6807240013568F = {
			isa = PBXGroup;
			children = (
				2B5796002B6807240013568F /* AirPlainApp */,
				2B5796122B6807250013568F /* AirPlainAppTests */,
				2B57961C2B6807250013568F /* AirPlainAppUITests */,
				2B5795FF2B6807240013568F /* Products */,
			);
			sourceTree = "<group>";
		};
		2B5795FF2B6807240013568F /* Products */ = {
			isa = PBXGroup;
			children = (
				2B5795FE2B6807240013568F /* AirPlainApp.app */,
				2B57960F2B6807250013568F /* AirPlainAppTests.xctest */,
				2B5796192B6807250013568F /* AirPlainAppUITests.xctest */,
			);
			name = Products;
			sourceTree = "<group>";
		};
		2B5796002B6807240013568F /* AirPlainApp */ = {
			isa = PBXGroup;
			children = (
				2B5796392B68919D0013568F /* Info.plist */,
				2B57962F2B6808780013568F /* Model */,
				2B57963C2B68EA6C0013568F /* Views */,
				2B5796342B680C1F0013568F /* ViewModel */,
				2B57962C2B6807370013568F /* Utility */,
				2B57963D2B68EA780013568F /* ViewContainer */,
				2B5796012B6807240013568F /* AirPlainAppApp.swift */,
				2B5796052B6807250013568F /* Assets.xcassets */,
				2B5796072B6807250013568F /* AirPlainApp.entitlements */,
				2B57964A2B6CB6550013568F /* animation.json */,
				2B5796082B6807250013568F /* Preview Content */,
			);
			path = AirPlainApp;
			sourceTree = "<group>";
		};
		2B5796082B6807250013568F /* Preview Content */ = {
			isa = PBXGroup;
			children = (
				2B5796092B6807250013568F /* Preview Assets.xcassets */,
			);
			path = "Preview Content";
			sourceTree = "<group>";
		};
		2B5796122B6807250013568F /* AirPlainAppTests */ = {
			isa = PBXGroup;
			children = (
				2B5796132B6807250013568F /* AirPlainAppTests.swift */,
			);
			path = AirPlainAppTests;
			sourceTree = "<group>";
		};
		2B57961C2B6807250013568F /* AirPlainAppUITests */ = {
			isa = PBXGroup;
			children = (
				2B57961D2B6807250013568F /* AirPlainAppUITests.swift */,
				2B57961F2B6807250013568F /* AirPlainAppUITestsLaunchTests.swift */,
			);
			path = AirPlainAppUITests;
			sourceTree = "<group>";
		};
		2B57962C2B6807370013568F /* Utility */ = {
			isa = PBXGroup;
			children = (
				2B57962D2B6807460013568F /* Constants.swift */,
				2B793A5C2BBEFCC600D2768D /* DateFormatter.swift */,
				2B793A732BBFC6FB00D2768D /* Navigation.swift */,
			);
			path = Utility;
			sourceTree = "<group>";
		};
		2B57962F2B6808780013568F /* Model */ = {
			isa = PBXGroup;
			children = (
				2B5796302B6808A00013568F /* CurrentFlightData.swift */,
				2B5796322B6808D00013568F /* AirportData.swift */,
				2B5796372B688F9F0013568F /* FlightStateModel.swift */,
				2B793A5E2BBEFF6500D2768D /* FlightInfoModel.swift */,
			);
			path = Model;
			sourceTree = "<group>";
		};
		2B5796342B680C1F0013568F /* ViewModel */ = {
			isa = PBXGroup;
			children = (
				2B5796352B680C450013568F /* FlightStateViewModel.swift */,
			);
			path = ViewModel;
			sourceTree = "<group>";
		};
		2B57963C2B68EA6C0013568F /* Views */ = {
			isa = PBXGroup;
			children = (
				2B57963A2B68E9F40013568F /* SelectingDestinationView.swift */,
				2B57963E2B68F1CC0013568F /* SelectingDateView.swift */,
				2B5796402B68F30A0013568F /* SelectingMethodView.swift */,
				2B793A632BBF9A0500D2768D /* FlightView */,
				2B793A702BBFC53300D2768D /* MainViews */,
			);
			path = Views;
			sourceTree = "<group>";
		};
		2B57963D2B68EA780013568F /* ViewContainer */ = {
			isa = PBXGroup;
			children = (
				2B5796032B6807240013568F /* ContentView.swift */,
			);
			path = ViewContainer;
			sourceTree = "<group>";
		};
		2B793A632BBF9A0500D2768D /* FlightView */ = {
			isa = PBXGroup;
			children = (
				2B793A712BBFC68200D2768D /* FlightViewContainer.swift */,
				2B5796422B68F4320013568F /* FlightListView.swift */,
				2B5796482B6BF34C0013568F /* FlightInfoView.swift */,
				2B5796442B6931320013568F /* FindingAirportView.swift */,
			);
			path = FlightView;
			sourceTree = "<group>";
		};
		2B793A702BBFC53300D2768D /* MainViews */ = {
			isa = PBXGroup;
			children = (
				2B793A642BBF9A2200D2768D /* MainViewContainer.swift */,
				2B793A6C2BBFA76500D2768D /* MainHeaderView.swift */,
				2B793A662BBF9A4700D2768D /* MainSectionView.swift */,
				2B793A682BBF9D1600D2768D /* MainViewCenterView.swift */,
				2B793A6A2BBFA10400D2768D /* MainViewCenterCell.swift */,
				2B793A6E2BBFA84200D2768D /* ReconmmendPostView.swift */,
			);
			path = MainViews;
			sourceTree = "<group>";
		};
/* End PBXGroup section */

/* Begin PBXNativeTarget section */
		2B5795FD2B6807240013568F /* AirPlainApp */ = {
			isa = PBXNativeTarget;
			buildConfigurationList = 2B5796232B6807250013568F /* Build configuration list for PBXNativeTarget "AirPlainApp" */;
			buildPhases = (
				2B5795FA2B6807240013568F /* Sources */,
				2B5795FB2B6807240013568F /* Frameworks */,
				2B5795FC2B6807240013568F /* Resources */,
			);
			buildRules = (
			);
			dependencies = (
			);
			name = AirPlainApp;
			packageProductDependencies = (
				2B57964D2B6CB6B60013568F /* Lottie */,
				2B793A612BBF0CC400D2768D /* Alamofire */,
			);
			productName = AirPlainApp;
			productReference = 2B5795FE2B6807240013568F /* AirPlainApp.app */;
			productType = "com.apple.product-type.application";
		};
		2B57960E2B6807250013568F /* AirPlainAppTests */ = {
			isa = PBXNativeTarget;
			buildConfigurationList = 2B5796262B6807250013568F /* Build configuration list for PBXNativeTarget "AirPlainAppTests" */;
			buildPhases = (
				2B57960B2B6807250013568F /* Sources */,
				2B57960C2B6807250013568F /* Frameworks */,
				2B57960D2B6807250013568F /* Resources */,
			);
			buildRules = (
			);
			dependencies = (
				2B5796112B6807250013568F /* PBXTargetDependency */,
			);
			name = AirPlainAppTests;
			productName = AirPlainAppTests;
			productReference = 2B57960F2B6807250013568F /* AirPlainAppTests.xctest */;
			productType = "com.apple.product-type.bundle.unit-test";
		};
		2B5796182B6807250013568F /* AirPlainAppUITests */ = {
			isa = PBXNativeTarget;
			buildConfigurationList = 2B5796292B6807250013568F /* Build configuration list for PBXNativeTarget "AirPlainAppUITests" */;
			buildPhases = (
				2B5796152B6807250013568F /* Sources */,
				2B5796162B6807250013568F /* Frameworks */,
				2B5796172B6807250013568F /* Resources */,
			);
			buildRules = (
			);
			dependencies = (
				2B57961B2B6807250013568F /* PBXTargetDependency */,
			);
			name = AirPlainAppUITests;
			productName = AirPlainAppUITests;
			productReference = 2B5796192B6807250013568F /* AirPlainAppUITests.xctest */;
			productType = "com.apple.product-type.bundle.ui-testing";
		};
/* End PBXNativeTarget section */

/* Begin PBXProject section */
		2B5795F62B6807240013568F /* Project object */ = {
			isa = PBXProject;
			attributes = {
				BuildIndependentTargetsInParallel = 1;
				LastSwiftUpdateCheck = 1500;
				LastUpgradeCheck = 1530;
				TargetAttributes = {
					2B5795FD2B6807240013568F = {
						CreatedOnToolsVersion = 15.0.1;
					};
					2B57960E2B6807250013568F = {
						CreatedOnToolsVersion = 15.0.1;
						TestTargetID = 2B5795FD2B6807240013568F;
					};
					2B5796182B6807250013568F = {
						CreatedOnToolsVersion = 15.0.1;
						TestTargetID = 2B5795FD2B6807240013568F;
					};
				};
			};
			buildConfigurationList = 2B5795F92B6807240013568F /* Build configuration list for PBXProject "AirPlainApp" */;
			compatibilityVersion = "Xcode 14.0";
			developmentRegion = en;
			hasScannedForEncodings = 0;
			knownRegions = (
				en,
				Base,
			);
			mainGroup = 2B5795F52B6807240013568F;
			packageReferences = (
				2B57964C2B6CB6B60013568F /* XCRemoteSwiftPackageReference "lottie-ios" */,
				2B793A602BBF0CC400D2768D /* XCRemoteSwiftPackageReference "Alamofire" */,
			);
			productRefGroup = 2B5795FF2B6807240013568F /* Products */;
			projectDirPath = "";
			projectRoot = "";
			targets = (
				2B5795FD2B6807240013568F /* AirPlainApp */,
				2B57960E2B6807250013568F /* AirPlainAppTests */,
				2B5796182B6807250013568F /* AirPlainAppUITests */,
			);
		};
/* End PBXProject section */

/* Begin PBXResourcesBuildPhase section */
		2B5795FC2B6807240013568F /* Resources */ = {
			isa = PBXResourcesBuildPhase;
			buildActionMask = 2147483647;
			files = (
				2B57960A2B6807250013568F /* Preview Assets.xcassets in Resources */,
				2B57964B2B6CB6550013568F /* animation.json in Resources */,
				2B5796062B6807250013568F /* Assets.xcassets in Resources */,
			);
			runOnlyForDeploymentPostprocessing = 0;
		};
		2B57960D2B6807250013568F /* Resources */ = {
			isa = PBXResourcesBuildPhase;
			buildActionMask = 2147483647;
			files = (
			);
			runOnlyForDeploymentPostprocessing = 0;
		};
		2B5796172B6807250013568F /* Resources */ = {
			isa = PBXResourcesBuildPhase;
			buildActionMask = 2147483647;
			files = (
			);
			runOnlyForDeploymentPostprocessing = 0;
		};
/* End PBXResourcesBuildPhase section */

/* Begin PBXSourcesBuildPhase section */
		2B5795FA2B6807240013568F /* Sources */ = {
			isa = PBXSourcesBuildPhase;
			buildActionMask = 2147483647;
			files = (
				2B793A6D2BBFA76500D2768D /* MainHeaderView.swift in Sources */,
				2B793A5D2BBEFCC600D2768D /* DateFormatter.swift in Sources */,
				2B793A692BBF9D1600D2768D /* MainViewCenterView.swift in Sources */,
				2B5796042B6807240013568F /* ContentView.swift in Sources */,
				2B5796312B6808A00013568F /* CurrentFlightData.swift in Sources */,
				2B5796332B6808D00013568F /* AirportData.swift in Sources */,
				2B5796382B688F9F0013568F /* FlightStateModel.swift in Sources */,
				2B5796412B68F30A0013568F /* SelectingMethodView.swift in Sources */,
				2B793A672BBF9A4700D2768D /* MainSectionView.swift in Sources */,
				2B57963B2B68E9F40013568F /* SelectingDestinationView.swift in Sources */,
				2B793A6F2BBFA84200D2768D /* ReconmmendPostView.swift in Sources */,
				2B57963F2B68F1CC0013568F /* SelectingDateView.swift in Sources */,
				2B793A722BBFC68200D2768D /* FlightViewContainer.swift in Sources */,
				2B5796432B68F4320013568F /* FlightListView.swift in Sources */,
				2B793A652BBF9A2200D2768D /* MainViewContainer.swift in Sources */,
				2B5796022B6807240013568F /* AirPlainAppApp.swift in Sources */,
				2B793A5F2BBEFF6500D2768D /* FlightInfoModel.swift in Sources */,
				2B793A742BBFC6FB00D2768D /* Navigation.swift in Sources */,
				2B5796362B680C450013568F /* FlightStateViewModel.swift in Sources */,
				2B5796452B6931320013568F /* FindingAirportView.swift in Sources */,
				2B5796492B6BF34C0013568F /* FlightInfoView.swift in Sources */,
				2B793A6B2BBFA10400D2768D /* MainViewCenterCell.swift in Sources */,
				2B57962E2B6807460013568F /* Constants.swift in Sources */,
			);
			runOnlyForDeploymentPostprocessing = 0;
		};
		2B57960B2B6807250013568F /* Sources */ = {
			isa = PBXSourcesBuildPhase;
			buildActionMask = 2147483647;
			files = (
				2B5796142B6807250013568F /* AirPlainAppTests.swift in Sources */,
			);
			runOnlyForDeploymentPostprocessing = 0;
		};
		2B5796152B6807250013568F /* Sources */ = {
			isa = PBXSourcesBuildPhase;
			buildActionMask = 2147483647;
			files = (
				2B5796202B6807250013568F /* AirPlainAppUITestsLaunchTests.swift in Sources */,
				2B57961E2B6807250013568F /* AirPlainAppUITests.swift in Sources */,
			);
			runOnlyForDeploymentPostprocessing = 0;
		};
/* End PBXSourcesBuildPhase section */

/* Begin PBXTargetDependency section */
		2B5796112B6807250013568F /* PBXTargetDependency */ = {
			isa = PBXTargetDependency;
			target = 2B5795FD2B6807240013568F /* AirPlainApp */;
			targetProxy = 2B5796102B6807250013568F /* PBXContainerItemProxy */;
		};
		2B57961B2B6807250013568F /* PBXTargetDependency */ = {
			isa = PBXTargetDependency;
			target = 2B5795FD2B6807240013568F /* AirPlainApp */;
			targetProxy = 2B57961A2B6807250013568F /* PBXContainerItemProxy */;
		};
/* End PBXTargetDependency section */

/* Begin XCBuildConfiguration section */
		2B5796212B6807250013568F /* Debug */ = {
			isa = XCBuildConfiguration;
			buildSettings = {
				ALWAYS_SEARCH_USER_PATHS = NO;
				ASSETCATALOG_COMPILER_GENERATE_SWIFT_ASSET_SYMBOL_EXTENSIONS = YES;
				CLANG_ANALYZER_NONNULL = YES;
				CLANG_ANALYZER_NUMBER_OBJECT_CONVERSION = YES_AGGRESSIVE;
				CLANG_CXX_LANGUAGE_STANDARD = "gnu++20";
				CLANG_ENABLE_MODULES = YES;
				CLANG_ENABLE_OBJC_ARC = YES;
				CLANG_ENABLE_OBJC_WEAK = YES;
				CLANG_WARN_BLOCK_CAPTURE_AUTORELEASING = YES;
				CLANG_WARN_BOOL_CONVERSION = YES;
				CLANG_WARN_COMMA = YES;
				CLANG_WARN_CONSTANT_CONVERSION = YES;
				CLANG_WARN_DEPRECATED_OBJC_IMPLEMENTATIONS = YES;
				CLANG_WARN_DIRECT_OBJC_ISA_USAGE = YES_ERROR;
				CLANG_WARN_DOCUMENTATION_COMMENTS = YES;
				CLANG_WARN_EMPTY_BODY = YES;
				CLANG_WARN_ENUM_CONVERSION = YES;
				CLANG_WARN_INFINITE_RECURSION = YES;
				CLANG_WARN_INT_CONVERSION = YES;
				CLANG_WARN_NON_LITERAL_NULL_CONVERSION = YES;
				CLANG_WARN_OBJC_IMPLICIT_RETAIN_SELF = YES;
				CLANG_WARN_OBJC_LITERAL_CONVERSION = YES;
				CLANG_WARN_OBJC_ROOT_CLASS = YES_ERROR;
				CLANG_WARN_QUOTED_INCLUDE_IN_FRAMEWORK_HEADER = YES;
				CLANG_WARN_RANGE_LOOP_ANALYSIS = YES;
				CLANG_WARN_STRICT_PROTOTYPES = YES;
				CLANG_WARN_SUSPICIOUS_MOVE = YES;
				CLANG_WARN_UNGUARDED_AVAILABILITY = YES_AGGRESSIVE;
				CLANG_WARN_UNREACHABLE_CODE = YES;
				CLANG_WARN__DUPLICATE_METHOD_MATCH = YES;
				COPY_PHASE_STRIP = NO;
				DEAD_CODE_STRIPPING = YES;
				DEBUG_INFORMATION_FORMAT = dwarf;
				ENABLE_STRICT_OBJC_MSGSEND = YES;
				ENABLE_TESTABILITY = YES;
				ENABLE_USER_SCRIPT_SANDBOXING = YES;
				GCC_C_LANGUAGE_STANDARD = gnu17;
				GCC_DYNAMIC_NO_PIC = NO;
				GCC_NO_COMMON_BLOCKS = YES;
				GCC_OPTIMIZATION_LEVEL = 0;
				GCC_PREPROCESSOR_DEFINITIONS = (
					"DEBUG=1",
					"$(inherited)",
				);
				GCC_WARN_64_TO_32_BIT_CONVERSION = YES;
				GCC_WARN_ABOUT_RETURN_TYPE = YES_ERROR;
				GCC_WARN_UNDECLARED_SELECTOR = YES;
				GCC_WARN_UNINITIALIZED_AUTOS = YES_AGGRESSIVE;
				GCC_WARN_UNUSED_FUNCTION = YES;
				GCC_WARN_UNUSED_VARIABLE = YES;
				LOCALIZATION_PREFERS_STRING_CATALOGS = YES;
				MTL_ENABLE_DEBUG_INFO = INCLUDE_SOURCE;
				MTL_FAST_MATH = YES;
				ONLY_ACTIVE_ARCH = YES;
				SWIFT_ACTIVE_COMPILATION_CONDITIONS = "DEBUG $(inherited)";
				SWIFT_OPTIMIZATION_LEVEL = "-Onone";
			};
			name = Debug;
		};
		2B5796222B6807250013568F /* Release */ = {
			isa = XCBuildConfiguration;
			buildSettings = {
				ALWAYS_SEARCH_USER_PATHS = NO;
				ASSETCATALOG_COMPILER_GENERATE_SWIFT_ASSET_SYMBOL_EXTENSIONS = YES;
				CLANG_ANALYZER_NONNULL = YES;
				CLANG_ANALYZER_NUMBER_OBJECT_CONVERSION = YES_AGGRESSIVE;
				CLANG_CXX_LANGUAGE_STANDARD = "gnu++20";
				CLANG_ENABLE_MODULES = YES;
				CLANG_ENABLE_OBJC_ARC = YES;
				CLANG_ENABLE_OBJC_WEAK = YES;
				CLANG_WARN_BLOCK_CAPTURE_AUTORELEASING = YES;
				CLANG_WARN_BOOL_CONVERSION = YES;
				CLANG_WARN_COMMA = YES;
				CLANG_WARN_CONSTANT_CONVERSION = YES;
				CLANG_WARN_DEPRECATED_OBJC_IMPLEMENTATIONS = YES;
				CLANG_WARN_DIRECT_OBJC_ISA_USAGE = YES_ERROR;
				CLANG_WARN_DOCUMENTATION_COMMENTS = YES;
				CLANG_WARN_EMPTY_BODY = YES;
				CLANG_WARN_ENUM_CONVERSION = YES;
				CLANG_WARN_INFINITE_RECURSION = YES;
				CLANG_WARN_INT_CONVERSION = YES;
				CLANG_WARN_NON_LITERAL_NULL_CONVERSION = YES;
				CLANG_WARN_OBJC_IMPLICIT_RETAIN_SELF = YES;
				CLANG_WARN_OBJC_LITERAL_CONVERSION = YES;
				CLANG_WARN_OBJC_ROOT_CLASS = YES_ERROR;
				CLANG_WARN_QUOTED_INCLUDE_IN_FRAMEWORK_HEADER = YES;
				CLANG_WARN_RANGE_LOOP_ANALYSIS = YES;
				CLANG_WARN_STRICT_PROTOTYPES = YES;
				CLANG_WARN_SUSPICIOUS_MOVE = YES;
				CLANG_WARN_UNGUARDED_AVAILABILITY = YES_AGGRESSIVE;
				CLANG_WARN_UNREACHABLE_CODE = YES;
				CLANG_WARN__DUPLICATE_METHOD_MATCH = YES;
				COPY_PHASE_STRIP = NO;
				DEAD_CODE_STRIPPING = YES;
				DEBUG_INFORMATION_FORMAT = "dwarf-with-dsym";
				ENABLE_NS_ASSERTIONS = NO;
				ENABLE_STRICT_OBJC_MSGSEND = YES;
				ENABLE_USER_SCRIPT_SANDBOXING = YES;
				GCC_C_LANGUAGE_STANDARD = gnu17;
				GCC_NO_COMMON_BLOCKS = YES;
				GCC_WARN_64_TO_32_BIT_CONVERSION = YES;
				GCC_WARN_ABOUT_RETURN_TYPE = YES_ERROR;
				GCC_WARN_UNDECLARED_SELECTOR = YES;
				GCC_WARN_UNINITIALIZED_AUTOS = YES_AGGRESSIVE;
				GCC_WARN_UNUSED_FUNCTION = YES;
				GCC_WARN_UNUSED_VARIABLE = YES;
				LOCALIZATION_PREFERS_STRING_CATALOGS = YES;
				MTL_ENABLE_DEBUG_INFO = NO;
				MTL_FAST_MATH = YES;
				SWIFT_COMPILATION_MODE = wholemodule;
			};
			name = Release;
		};
		2B5796242B6807250013568F /* Debug */ = {
			isa = XCBuildConfiguration;
			buildSettings = {
				ASSETCATALOG_COMPILER_APPICON_NAME = AppIcon;
				ASSETCATALOG_COMPILER_GLOBAL_ACCENT_COLOR_NAME = AccentColor;
				CODE_SIGN_ENTITLEMENTS = AirPlainApp/AirPlainApp.entitlements;
				CODE_SIGN_STYLE = Automatic;
				CURRENT_PROJECT_VERSION = 1;
				DEAD_CODE_STRIPPING = YES;
				DEVELOPMENT_ASSET_PATHS = "\"AirPlainApp/Preview Content\"";
				DEVELOPMENT_TEAM = 8HM2XMG9QM;
				ENABLE_HARDENED_RUNTIME = YES;
				ENABLE_PREVIEWS = YES;
				GENERATE_INFOPLIST_FILE = YES;
				INFOPLIST_FILE = AirPlainApp/Info.plist;
				"INFOPLIST_KEY_UIApplicationSceneManifest_Generation[sdk=iphoneos*]" = YES;
				"INFOPLIST_KEY_UIApplicationSceneManifest_Generation[sdk=iphonesimulator*]" = YES;
				"INFOPLIST_KEY_UIApplicationSupportsIndirectInputEvents[sdk=iphoneos*]" = YES;
				"INFOPLIST_KEY_UIApplicationSupportsIndirectInputEvents[sdk=iphonesimulator*]" = YES;
				"INFOPLIST_KEY_UILaunchScreen_Generation[sdk=iphoneos*]" = YES;
				"INFOPLIST_KEY_UILaunchScreen_Generation[sdk=iphonesimulator*]" = YES;
				"INFOPLIST_KEY_UIStatusBarStyle[sdk=iphoneos*]" = UIStatusBarStyleDefault;
				"INFOPLIST_KEY_UIStatusBarStyle[sdk=iphonesimulator*]" = UIStatusBarStyleDefault;
				INFOPLIST_KEY_UISupportedInterfaceOrientations_iPad = "UIInterfaceOrientationPortrait UIInterfaceOrientationPortraitUpsideDown UIInterfaceOrientationLandscapeLeft UIInterfaceOrientationLandscapeRight";
				INFOPLIST_KEY_UISupportedInterfaceOrientations_iPhone = "UIInterfaceOrientationPortrait UIInterfaceOrientationLandscapeLeft UIInterfaceOrientationLandscapeRight";
				IPHONEOS_DEPLOYMENT_TARGET = 17.0;
				LD_RUNPATH_SEARCH_PATHS = "@executable_path/Frameworks";
				"LD_RUNPATH_SEARCH_PATHS[sdk=macosx*]" = "@executable_path/../Frameworks";
				MACOSX_DEPLOYMENT_TARGET = 14.0;
				MARKETING_VERSION = 1.0;
				PRODUCT_BUNDLE_IDENTIFIER = Notification.AirPlainApp;
				PRODUCT_NAME = "$(TARGET_NAME)";
				SDKROOT = auto;
				SUPPORTED_PLATFORMS = "iphoneos iphonesimulator macosx";
				SWIFT_EMIT_LOC_STRINGS = YES;
				SWIFT_VERSION = 5.0;
				TARGETED_DEVICE_FAMILY = "1,2";
			};
			name = Debug;
		};
		2B5796252B6807250013568F /* Release */ = {
			isa = XCBuildConfiguration;
			buildSettings = {
				ASSETCATALOG_COMPILER_APPICON_NAME = AppIcon;
				ASSETCATALOG_COMPILER_GLOBAL_ACCENT_COLOR_NAME = AccentColor;
				CODE_SIGN_ENTITLEMENTS = AirPlainApp/AirPlainApp.entitlements;
				CODE_SIGN_STYLE = Automatic;
				CURRENT_PROJECT_VERSION = 1;
				DEAD_CODE_STRIPPING = YES;
				DEVELOPMENT_ASSET_PATHS = "\"AirPlainApp/Preview Content\"";
				DEVELOPMENT_TEAM = 8HM2XMG9QM;
				ENABLE_HARDENED_RUNTIME = YES;
				ENABLE_PREVIEWS = YES;
				GENERATE_INFOPLIST_FILE = YES;
				INFOPLIST_FILE = AirPlainApp/Info.plist;
				"INFOPLIST_KEY_UIApplicationSceneManifest_Generation[sdk=iphoneos*]" = YES;
				"INFOPLIST_KEY_UIApplicationSceneManifest_Generation[sdk=iphonesimulator*]" = YES;
				"INFOPLIST_KEY_UIApplicationSupportsIndirectInputEvents[sdk=iphoneos*]" = YES;
				"INFOPLIST_KEY_UIApplicationSupportsIndirectInputEvents[sdk=iphonesimulator*]" = YES;
				"INFOPLIST_KEY_UILaunchScreen_Generation[sdk=iphoneos*]" = YES;
				"INFOPLIST_KEY_UILaunchScreen_Generation[sdk=iphonesimulator*]" = YES;
				"INFOPLIST_KEY_UIStatusBarStyle[sdk=iphoneos*]" = UIStatusBarStyleDefault;
				"INFOPLIST_KEY_UIStatusBarStyle[sdk=iphonesimulator*]" = UIStatusBarStyleDefault;
				INFOPLIST_KEY_UISupportedInterfaceOrientations_iPad = "UIInterfaceOrientationPortrait UIInterfaceOrientationPortraitUpsideDown UIInterfaceOrientationLandscapeLeft UIInterfaceOrientationLandscapeRight";
				INFOPLIST_KEY_UISupportedInterfaceOrientations_iPhone = "UIInterfaceOrientationPortrait UIInterfaceOrientationLandscapeLeft UIInterfaceOrientationLandscapeRight";
				IPHONEOS_DEPLOYMENT_TARGET = 17.0;
				LD_RUNPATH_SEARCH_PATHS = "@executable_path/Frameworks";
				"LD_RUNPATH_SEARCH_PATHS[sdk=macosx*]" = "@executable_path/../Frameworks";
				MACOSX_DEPLOYMENT_TARGET = 14.0;
				MARKETING_VERSION = 1.0;
				PRODUCT_BUNDLE_IDENTIFIER = Notification.AirPlainApp;
				PRODUCT_NAME = "$(TARGET_NAME)";
				SDKROOT = auto;
				SUPPORTED_PLATFORMS = "iphoneos iphonesimulator macosx";
				SWIFT_EMIT_LOC_STRINGS = YES;
				SWIFT_VERSION = 5.0;
				TARGETED_DEVICE_FAMILY = "1,2";
			};
			name = Release;
		};
		2B5796272B6807250013568F /* Debug */ = {
			isa = XCBuildConfiguration;
			buildSettings = {
				ALWAYS_EMBED_SWIFT_STANDARD_LIBRARIES = YES;
				BUNDLE_LOADER = "$(TEST_HOST)";
				CODE_SIGN_STYLE = Automatic;
				CURRENT_PROJECT_VERSION = 1;
				DEAD_CODE_STRIPPING = YES;
				DEVELOPMENT_TEAM = 8HM2XMG9QM;
				GENERATE_INFOPLIST_FILE = YES;
				IPHONEOS_DEPLOYMENT_TARGET = 17.0;
				MACOSX_DEPLOYMENT_TARGET = 14.0;
				MARKETING_VERSION = 1.0;
				PRODUCT_BUNDLE_IDENTIFIER = Notification.AirPlainAppTests;
				PRODUCT_NAME = "$(TARGET_NAME)";
				SDKROOT = auto;
				SUPPORTED_PLATFORMS = "iphoneos iphonesimulator macosx";
				SWIFT_EMIT_LOC_STRINGS = NO;
				SWIFT_VERSION = 5.0;
				TARGETED_DEVICE_FAMILY = "1,2";
				TEST_HOST = "$(BUILT_PRODUCTS_DIR)/AirPlainApp.app/$(BUNDLE_EXECUTABLE_FOLDER_PATH)/AirPlainApp";
			};
			name = Debug;
		};
		2B5796282B6807250013568F /* Release */ = {
			isa = XCBuildConfiguration;
			buildSettings = {
				ALWAYS_EMBED_SWIFT_STANDARD_LIBRARIES = YES;
				BUNDLE_LOADER = "$(TEST_HOST)";
				CODE_SIGN_STYLE = Automatic;
				CURRENT_PROJECT_VERSION = 1;
				DEAD_CODE_STRIPPING = YES;
				DEVELOPMENT_TEAM = 8HM2XMG9QM;
				GENERATE_INFOPLIST_FILE = YES;
				IPHONEOS_DEPLOYMENT_TARGET = 17.0;
				MACOSX_DEPLOYMENT_TARGET = 14.0;
				MARKETING_VERSION = 1.0;
				PRODUCT_BUNDLE_IDENTIFIER = Notification.AirPlainAppTests;
				PRODUCT_NAME = "$(TARGET_NAME)";
				SDKROOT = auto;
				SUPPORTED_PLATFORMS = "iphoneos iphonesimulator macosx";
				SWIFT_EMIT_LOC_STRINGS = NO;
				SWIFT_VERSION = 5.0;
				TARGETED_DEVICE_FAMILY = "1,2";
				TEST_HOST = "$(BUILT_PRODUCTS_DIR)/AirPlainApp.app/$(BUNDLE_EXECUTABLE_FOLDER_PATH)/AirPlainApp";
			};
			name = Release;
		};
		2B57962A2B6807250013568F /* Debug */ = {
			isa = XCBuildConfiguration;
			buildSettings = {
				ALWAYS_EMBED_SWIFT_STANDARD_LIBRARIES = YES;
				CODE_SIGN_STYLE = Automatic;
				CURRENT_PROJECT_VERSION = 1;
				DEAD_CODE_STRIPPING = YES;
				DEVELOPMENT_TEAM = 8HM2XMG9QM;
				GENERATE_INFOPLIST_FILE = YES;
				IPHONEOS_DEPLOYMENT_TARGET = 17.0;
				MACOSX_DEPLOYMENT_TARGET = 14.0;
				MARKETING_VERSION = 1.0;
				PRODUCT_BUNDLE_IDENTIFIER = Notification.AirPlainAppUITests;
				PRODUCT_NAME = "$(TARGET_NAME)";
				SDKROOT = auto;
				SUPPORTED_PLATFORMS = "iphoneos iphonesimulator macosx";
				SWIFT_EMIT_LOC_STRINGS = NO;
				SWIFT_VERSION = 5.0;
				TARGETED_DEVICE_FAMILY = "1,2";
				TEST_TARGET_NAME = AirPlainApp;
			};
			name = Debug;
		};
		2B57962B2B6807250013568F /* Release */ = {
			isa = XCBuildConfiguration;
			buildSettings = {
				ALWAYS_EMBED_SWIFT_STANDARD_LIBRARIES = YES;
				CODE_SIGN_STYLE = Automatic;
				CURRENT_PROJECT_VERSION = 1;
				DEAD_CODE_STRIPPING = YES;
				DEVELOPMENT_TEAM = 8HM2XMG9QM;
				GENERATE_INFOPLIST_FILE = YES;
				IPHONEOS_DEPLOYMENT_TARGET = 17.0;
				MACOSX_DEPLOYMENT_TARGET = 14.0;
				MARKETING_VERSION = 1.0;
				PRODUCT_BUNDLE_IDENTIFIER = Notification.AirPlainAppUITests;
				PRODUCT_NAME = "$(TARGET_NAME)";
				SDKROOT = auto;
				SUPPORTED_PLATFORMS = "iphoneos iphonesimulator macosx";
				SWIFT_EMIT_LOC_STRINGS = NO;
				SWIFT_VERSION = 5.0;
				TARGETED_DEVICE_FAMILY = "1,2";
				TEST_TARGET_NAME = AirPlainApp;
			};
			name = Release;
		};
/* End XCBuildConfiguration section */

/* Begin XCConfigurationList section */
		2B5795F92B6807240013568F /* Build configuration list for PBXProject "AirPlainApp" */ = {
			isa = XCConfigurationList;
			buildConfigurations = (
				2B5796212B6807250013568F /* Debug */,
				2B5796222B6807250013568F /* Release */,
			);
			defaultConfigurationIsVisible = 0;
			defaultConfigurationName = Release;
		};
		2B5796232B6807250013568F /* Build configuration list for PBXNativeTarget "AirPlainApp" */ = {
			isa = XCConfigurationList;
			buildConfigurations = (
				2B5796242B6807250013568F /* Debug */,
				2B5796252B6807250013568F /* Release */,
			);
			defaultConfigurationIsVisible = 0;
			defaultConfigurationName = Release;
		};
		2B5796262B6807250013568F /* Build configuration list for PBXNativeTarget "AirPlainAppTests" */ = {
			isa = XCConfigurationList;
			buildConfigurations = (
				2B5796272B6807250013568F /* Debug */,
				2B5796282B6807250013568F /* Release */,
			);
			defaultConfigurationIsVisible = 0;
			defaultConfigurationName = Release;
		};
		2B5796292B6807250013568F /* Build configuration list for PBXNativeTarget "AirPlainAppUITests" */ = {
			isa = XCConfigurationList;
			buildConfigurations = (
				2B57962A2B6807250013568F /* Debug */,
				2B57962B2B6807250013568F /* Release */,
			);
			defaultConfigurationIsVisible = 0;
			defaultConfigurationName = Release;
		};
/* End XCConfigurationList section */

/* Begin XCRemoteSwiftPackageReference section */
		2B57964C2B6CB6B60013568F /* XCRemoteSwiftPackageReference "lottie-ios" */ = {
			isa = XCRemoteSwiftPackageReference;
			repositoryURL = "https://github.com/airbnb/lottie-ios.git";
			requirement = {
				kind = upToNextMajorVersion;
				minimumVersion = 4.4.0;
			};
		};
		2B793A602BBF0CC400D2768D /* XCRemoteSwiftPackageReference "Alamofire" */ = {
			isa = XCRemoteSwiftPackageReference;
			repositoryURL = "https://github.com/Alamofire/Alamofire.git";
			requirement = {
				kind = upToNextMajorVersion;
				minimumVersion = 5.9.1;
			};
		};
/* End XCRemoteSwiftPackageReference section */

/* Begin XCSwiftPackageProductDependency section */
		2B57964D2B6CB6B60013568F /* Lottie */ = {
			isa = XCSwiftPackageProductDependency;
			package = 2B57964C2B6CB6B60013568F /* XCRemoteSwiftPackageReference "lottie-ios" */;
			productName = Lottie;
		};
		2B793A612BBF0CC400D2768D /* Alamofire */ = {
			isa = XCSwiftPackageProductDependency;
			package = 2B793A602BBF0CC400D2768D /* XCRemoteSwiftPackageReference "Alamofire" */;
			productName = Alamofire;
		};
/* End XCSwiftPackageProductDependency section */
	};
	rootObject = 2B5795F62B6807240013568F /* Project object */;
}
